
Microsoft Visual Studio Solution File, Format Version 12.00
# Visual Studio Version 17
VisualStudioVersion = 17.5.33530.505
MinimumVisualStudioVersion = 10.0.40219.1
Project("{9A19103F-16F7-4668-BE54-9A1E7A4F7556}") = "pgAdminSosi", "pgAdminSosi\pgAdminSosi.csproj", "{FA22704F-39A1-42F4-9222-1EC20FB738EE}"
EndProject
Global
	GlobalSection(SolutionConfigurationPlatforms) = preSolution
		Debug|Any CPU = Debug|Any CPU
		Release|Any CPU = Release|Any CPU
	EndGlobalSection
	GlobalSection(ProjectConfigurationPlatforms) = postSolution
		{FA22704F-39A1-42F4-9222-1EC20FB738EE}.Debug|Any CPU.ActiveCfg = Debug|Any CPU
		{FA22704F-39A1-42F4-9222-1EC20FB738EE}.Debug|Any CPU.Build.0 = Debug|Any CPU
		{FA22704F-39A1-42F4-9222-1EC20FB738EE}.Release|Any CPU.ActiveCfg = Release|Any CPU
		{FA22704F-39A1-42F4-9222-1EC20FB738EE}.Release|Any CPU.Build.0 = Release|Any CPU
	EndGlobalSection
	GlobalSection(SolutionProperties) = preSolution
		HideSolutionNode = FALSE
	EndGlobalSection
	GlobalSection(ExtensibilityGlobals) = postSolution
		SolutionGuid = {78D803C0-67EF-43E5-8776-82884C228FAB}
	EndGlobalSection
EndGlobal
